// !$*UTF8*$!
{
	archiveVersion = 1;
	classes = {
	};
	objectVersion = 50;
	objects = {

/* Begin PBXBuildFile section */
		4139D35B26DAF49C0051C584 /* AppDelegate.swift in Sources */ = {isa = PBXBuildFile; fileRef = 4139D35A26DAF49C0051C584 /* AppDelegate.swift */; };
		4139D35D26DAF49C0051C584 /* SceneDelegate.swift in Sources */ = {isa = PBXBuildFile; fileRef = 4139D35C26DAF49C0051C584 /* SceneDelegate.swift */; };
		4139D35F26DAF49C0051C584 /* ViewController.swift in Sources */ = {isa = PBXBuildFile; fileRef = 4139D35E26DAF49C0051C584 /* ViewController.swift */; };
		4139D36226DAF49C0051C584 /* Main.storyboard in Resources */ = {isa = PBXBuildFile; fileRef = 4139D36026DAF49C0051C584 /* Main.storyboard */; };
		4139D36426DAF49D0051C584 /* Assets.xcassets in Resources */ = {isa = PBXBuildFile; fileRef = 4139D36326DAF49D0051C584 /* Assets.xcassets */; };
		4139D36726DAF49D0051C584 /* LaunchScreen.storyboard in Resources */ = {isa = PBXBuildFile; fileRef = 4139D36526DAF49D0051C584 /* LaunchScreen.storyboard */; };
/* End PBXBuildFile section */

/* Begin PBXFileReference section */
		4139D35726DAF49C0051C584 /* CDProject.app */ = {isa = PBXFileReference; explicitFileType = wrapper.application; includeInIndex = 0; path = CDProject.app; sourceTree = BUILT_PRODUCTS_DIR; };
		4139D35A26DAF49C0051C584 /* AppDelegate.swift */ = {isa = PBXFileReference; lastKnownFileType = sourcecode.swift; path = AppDelegate.swift; sourceTree = "<group>"; };
		4139D35C26DAF49C0051C584 /* SceneDelegate.swift */ = {isa = PBXFileReference; lastKnownFileType = sourcecode.swift; path = SceneDelegate.swift; sourceTree = "<group>"; };
		4139D35E26DAF49C0051C584 /* ViewController.swift */ = {isa = PBXFileReference; lastKnownFileType = sourcecode.swift; path = ViewController.swift; sourceTree = "<group>"; };
		4139D36126DAF49C0051C584 /* Base */ = {isa = PBXFileReference; lastKnownFileType = file.storyboard; name = Base; path = Base.lproj/Main.storyboard; sourceTree = "<group>"; };
		4139D36326DAF49D0051C584 /* Assets.xcassets */ = {isa = PBXFileReference; lastKnownFileType = folder.assetcatalog; path = Assets.xcassets; sourceTree = "<group>"; };
		4139D36626DAF49D0051C584 /* Base */ = {isa = PBXFileReference; lastKnownFileType = file.storyboard; name = Base; path = Base.lproj/LaunchScreen.storyboard; sourceTree = "<group>"; };
		4139D36826DAF49D0051C584 /* Info.plist */ = {isa = PBXFileReference; lastKnownFileType = text.plist.xml; path = Info.plist; sourceTree = "<group>"; };
/* End PBXFileReference section */

/* Begin PBXFrameworksBuildPhase section */
		4139D35426DAF49C0051C584 /* Frameworks */ = {
			isa = PBXFrameworksBuildPhase;
			buildActionMask = 2147483647;
			files = (
			);
			runOnlyForDeploymentPostprocessing = 0;
		};
/* End PBXFrameworksBuildPhase section */

/* Begin PBXGroup section */
		4139D34E26DAF49C0051C584 = {
			isa = PBXGroup;
			children = (
				4139D35926DAF49C0051C584 /* CDProject */,
				4139D35826DAF49C0051C584 /* Products */,
			);
			sourceTree = "<group>";
		};
		4139D35826DAF49C0051C584 /* Products */ = {
			isa = PBXGroup;
			children = (
				4139D35726DAF49C0051C584 /* CDProject.app */,
			);
			name = Products;
			sourceTree = "<group>";
		};
		4139D35926DAF49C0051C584 /* CDProject */ = {
			isa = PBXGroup;
			children = (
				4139D35A26DAF49C0051C584 /* AppDelegate.swift */,
				4139D35C26DAF49C0051C584 /* SceneDelegate.swift */,
				4139D35E26DAF49C0051C584 /* ViewController.swift */,
				4139D36026DAF49C0051C584 /* Main.storyboard */,
				4139D36326DAF49D0051C584 /* Assets.xcassets */,
				4139D36526DAF49D0051C584 /* LaunchScreen.storyboard */,
				4139D36826DAF49D0051C584 /* Info.plist */,
			);
			path = CDProject;
			sourceTree = "<group>";
		};
/* End PBXGroup section */

/* Begin PBXNativeTarget section */
		4139D35626DAF49C0051C584 /* CDProject */ = {
			isa = PBXNativeTarget;
			buildConfigurationList = 4139D36B26DAF49D0051C584 /* Build configuration list for PBXNativeTarget "CDProject" */;
			buildPhases = (
				4139D35326DAF49C0051C584 /* Sources */,
				4139D35426DAF49C0051C584 /* Frameworks */,
				4139D35526DAF49C0051C584 /* Resources */,
			);
			buildRules = (
			);
			dependencies = (
			);
			name = CDProject;
			productName = CDProject;
			productReference = 4139D35726DAF49C0051C584 /* CDProject.app */;
			productType = "com.apple.product-type.application";
		};
/* End PBXNativeTarget section */

/* Begin PBXProject section */
		4139D34F26DAF49C0051C584 /* Project object */ = {
			isa = PBXProject;
			attributes = {
				LastSwiftUpdateCheck = 1250;
				LastUpgradeCheck = 1250;
				TargetAttributes = {
					4139D35626DAF49C0051C584 = {
						CreatedOnToolsVersion = 12.5;
					};
				};
			};
			buildConfigurationList = 4139D35226DAF49C0051C584 /* Build configuration list for PBXProject "CDProject" */;
			compatibilityVersion = "Xcode 9.3";
			developmentRegion = en;
			hasScannedForEncodings = 0;
			knownRegions = (
				en,
				Base,
			);
			mainGroup = 4139D34E26DAF49C0051C584;
			productRefGroup = 4139D35826DAF49C0051C584 /* Products */;
			projectDirPath = "";
			projectRoot = "";
			targets = (
				4139D35626DAF49C0051C584 /* CDProject */,
			);
		};
/* End PBXProject section */

/* Begin PBXResourcesBuildPhase section */
		4139D35526DAF49C0051C584 /* Resources */ = {
			isa = PBXResourcesBuildPhase;
			buildActionMask = 2147483647;
			files = (
				4139D36726DAF49D0051C584 /* LaunchScreen.storyboard in Resources */,
				4139D36426DAF49D0051C584 /* Assets.xcassets in Resources */,
				4139D36226DAF49C0051C584 /* Main.storyboard in Resources */,
			);
			runOnlyForDeploymentPostprocessing = 0;
		};
/* End PBXResourcesBuildPhase section */

/* Begin PBXSourcesBuildPhase section */
		4139D35326DAF49C0051C584 /* Sources */ = {
			isa = PBXSourcesBuildPhase;
			buildActionMask = 2147483647;
			files = (
				4139D35F26DAF49C0051C584 /* ViewController.swift in Sources */,
				4139D35B26DAF49C0051C584 /* AppDelegate.swift in Sources */,
				4139D35D26DAF49C0051C584 /* SceneDelegate.swift in Sources */,
			);
			runOnlyForDeploymentPostprocessing = 0;
		};
/* End PBXSourcesBuildPhase section */

/* Begin PBXVariantGroup section */
		4139D36026DAF49C0051C584 /* Main.storyboard */ = {
			isa = PBXVariantGroup;
			children = (
				4139D36126DAF49C0051C584 /* Base */,
			);
			name = Main.storyboard;
			sourceTree = "<group>";
		};
		4139D36526DAF49D0051C584 /* LaunchScreen.storyboard */ = {
			isa = PBXVariantGroup;
			children = (
				4139D36626DAF49D0051C584 /* Base */,
			);
			name = LaunchScreen.storyboard;
			sourceTree = "<group>";
		};
/* End PBXVariantGroup section */

/* Begin XCBuildConfiguration section */
		4139D36926DAF49D0051C584 /* Debug */ = {
			isa = XCBuildConfiguration;
			buildSettings = {
				ALWAYS_SEARCH_USER_PATHS = NO;
				CLANG_ANALYZER_NONNULL = YES;
				CLANG_ANALYZER_NUMBER_OBJECT_CONVERSION = YES_AGGRESSIVE;
				CLANG_CXX_LANGUAGE_STANDARD = "gnu++14";
				CLANG_CXX_LIBRARY = "libc++";
				CLANG_ENABLE_MODULES = YES;
				CLANG_ENABLE_OBJC_ARC = YES;
				CLANG_ENABLE_OBJC_WEAK = YES;
				CLANG_WARN_BLOCK_CAPTURE_AUTORELEASING = YES;
				CLANG_WARN_BOOL_CONVERSION = YES;
				CLANG_WARN_COMMA = YES;
				CLANG_WARN_CONSTANT_CONVERSION = YES;
				CLANG_WARN_DEPRECATED_OBJC_IMPLEMENTATIONS = YES;
				CLANG_WARN_DIRECT_OBJC_ISA_USAGE = YES_ERROR;
				CLANG_WARN_DOCUMENTATION_COMMENTS = YES;
				CLANG_WARN_EMPTY_BODY = YES;
				CLANG_WARN_ENUM_CONVERSION = YES;
				CLANG_WARN_INFINITE_RECURSION = YES;
				CLANG_WARN_INT_CONVERSION = YES;
				CLANG_WARN_NON_LITERAL_NULL_CONVERSION = YES;
				CLANG_WARN_OBJC_IMPLICIT_RETAIN_SELF = YES;
				CLANG_WARN_OBJC_LITERAL_CONVERSION = YES;
				CLANG_WARN_OBJC_ROOT_CLASS = YES_ERROR;
				CLANG_WARN_QUOTED_INCLUDE_IN_FRAMEWORK_HEADER = YES;
				CLANG_WARN_RANGE_LOOP_ANALYSIS = YES;
				CLANG_WARN_STRICT_PROTOTYPES = YES;
				CLANG_WARN_SUSPICIOUS_MOVE = YES;
				CLANG_WARN_UNGUARDED_AVAILABILITY = YES_AGGRESSIVE;
				CLANG_WARN_UNREACHABLE_CODE = YES;
				CLANG_WARN__DUPLICATE_METHOD_MATCH = YES;
				COPY_PHASE_STRIP = NO;
				CURRENT_PROJECT_VERSION = 75;
				DEBUG_INFORMATION_FORMAT = dwarf;
				ENABLE_STRICT_OBJC_MSGSEND = YES;
				ENABLE_TESTABILITY = YES;
				GCC_C_LANGUAGE_STANDARD = gnu11;
				GCC_DYNAMIC_NO_PIC = NO;
				GCC_NO_COMMON_BLOCKS = YES;
				GCC_OPTIMIZATION_LEVEL = 0;
				GCC_PREPROCESSOR_DEFINITIONS = (
					"DEBUG=1",
					"$(inherited)",
				);
				GCC_WARN_64_TO_32_BIT_CONVERSION = YES;
				GCC_WARN_ABOUT_RETURN_TYPE = YES_ERROR;
				GCC_WARN_UNDECLARED_SELECTOR = YES;
				GCC_WARN_UNINITIALIZED_AUTOS = YES_AGGRESSIVE;
				GCC_WARN_UNUSED_FUNCTION = YES;
				GCC_WARN_UNUSED_VARIABLE = YES;
				IPHONEOS_DEPLOYMENT_TARGET = 14.5;
				MTL_ENABLE_DEBUG_INFO = INCLUDE_SOURCE;
				MTL_FAST_MATH = YES;
				ONLY_ACTIVE_ARCH = YES;
				SDKROOT = iphoneos;
				SWIFT_ACTIVE_COMPILATION_CONDITIONS = DEBUG;
				SWIFT_OPTIMIZATION_LEVEL = "-Onone";
				VERSIONING_SYSTEM = "apple-generic";
			};
			name = Debug;
		};
		4139D36A26DAF49D0051C584 /* Release */ = {
			isa = XCBuildConfiguration;
			buildSettings = {
				ALWAYS_SEARCH_USER_PATHS = NO;
				CLANG_ANALYZER_NONNULL = YES;
				CLANG_ANALYZER_NUMBER_OBJECT_CONVERSION = YES_AGGRESSIVE;
				CLANG_CXX_LANGUAGE_STANDARD = "gnu++14";
				CLANG_CXX_LIBRARY = "libc++";
				CLANG_ENABLE_MODULES = YES;
				CLANG_ENABLE_OBJC_ARC = YES;
				CLANG_ENABLE_OBJC_WEAK = YES;
				CLANG_WARN_BLOCK_CAPTURE_AUTORELEASING = YES;
				CLANG_WARN_BOOL_CONVERSION = YES;
				CLANG_WARN_COMMA = YES;
				CLANG_WARN_CONSTANT_CONVERSION = YES;
				CLANG_WARN_DEPRECATED_OBJC_IMPLEMENTATIONS = YES;
				CLANG_WARN_DIRECT_OBJC_ISA_USAGE = YES_ERROR;
				CLANG_WARN_DOCUMENTATION_COMMENTS = YES;
				CLANG_WARN_EMPTY_BODY = YES;
				CLANG_WARN_ENUM_CONVERSION = YES;
				CLANG_WARN_INFINITE_RECURSION = YES;
				CLANG_WARN_INT_CONVERSION = YES;
				CLANG_WARN_NON_LITERAL_NULL_CONVERSION = YES;
				CLANG_WARN_OBJC_IMPLICIT_RETAIN_SELF = YES;
				CLANG_WARN_OBJC_LITERAL_CONVERSION = YES;
				CLANG_WARN_OBJC_ROOT_CLASS = YES_ERROR;
				CLANG_WARN_QUOTED_INCLUDE_IN_FRAMEWORK_HEADER = YES;
				CLANG_WARN_RANGE_LOOP_ANALYSIS = YES;
				CLANG_WARN_STRICT_PROTOTYPES = YES;
				CLANG_WARN_SUSPICIOUS_MOVE = YES;
				CLANG_WARN_UNGUARDED_AVAILABILITY = YES_AGGRESSIVE;
				CLANG_WARN_UNREACHABLE_CODE = YES;
				CLANG_WARN__DUPLICATE_METHOD_MATCH = YES;
				COPY_PHASE_STRIP = NO;
				CURRENT_PROJECT_VERSION = 75;
				DEBUG_INFORMATION_FORMAT = "dwarf-with-dsym";
				ENABLE_NS_ASSERTIONS = NO;
				ENABLE_STRICT_OBJC_MSGSEND = YES;
				GCC_C_LANGUAGE_STANDARD = gnu11;
				GCC_NO_COMMON_BLOCKS = YES;
				GCC_WARN_64_TO_32_BIT_CONVERSION = YES;
				GCC_WARN_ABOUT_RETURN_TYPE = YES_ERROR;
				GCC_WARN_UNDECLARED_SELECTOR = YES;
				GCC_WARN_UNINITIALIZED_AUTOS = YES_AGGRESSIVE;
				GCC_WARN_UNUSED_FUNCTION = YES;
				GCC_WARN_UNUSED_VARIABLE = YES;
				IPHONEOS_DEPLOYMENT_TARGET = 14.5;
				MTL_ENABLE_DEBUG_INFO = NO;
				MTL_FAST_MATH = YES;
				SDKROOT = iphoneos;
				SWIFT_COMPILATION_MODE = wholemodule;
				SWIFT_OPTIMIZATION_LEVEL = "-O";
				VALIDATE_PRODUCT = YES;
				VERSIONING_SYSTEM = "apple-generic";
			};
			name = Release;
		};
		4139D36C26DAF49D0051C584 /* Debug */ = {
			isa = XCBuildConfiguration;
			buildSettings = {
				ASSETCATALOG_COMPILER_APPICON_NAME = AppIcon;
				ASSETCATALOG_COMPILER_GLOBAL_ACCENT_COLOR_NAME = AccentColor;
				CODE_SIGN_IDENTITY = "iPhone Distribution";
				CODE_SIGN_STYLE = Manual;
				DEVELOPMENT_TEAM = 4U72882THN;
				DYLIB_CURRENT_VERSION = 75;
				INFOPLIST_FILE = CDProject/Info.plist;
				LD_RUNPATH_SEARCH_PATHS = (
					"$(inherited)",
					"@executable_path/Frameworks",
				);
				PRODUCT_BUNDLE_IDENTIFIER = com.masterapps.CDProject;
				PRODUCT_NAME = "$(TARGET_NAME)";
				PROVISIONING_PROFILE_SPECIFIER = "match AppStore com.masterapps.CDProject";
				SWIFT_VERSION = 5.0;
				TARGETED_DEVICE_FAMILY = 1;
			};
			name = Debug;
		};
		4139D36D26DAF49D0051C584 /* Release */ = {
			isa = XCBuildConfiguration;
			buildSettings = {
				ASSETCATALOG_COMPILER_APPICON_NAME = AppIcon;
				ASSETCATALOG_COMPILER_GLOBAL_ACCENT_COLOR_NAME = AccentColor;
				CODE_SIGN_IDENTITY = "iPhone Distribution";
				CODE_SIGN_STYLE = Manual;
				DEVELOPMENT_TEAM = 4U72882THN;
				DYLIB_CURRENT_VERSION = 75;
				INFOPLIST_FILE = CDProject/Info.plist;
				LD_RUNPATH_SEARCH_PATHS = (
					"$(inherited)",
					"@executable_path/Frameworks",
				);
				PRODUCT_BUNDLE_IDENTIFIER = com.masterapps.CDProject;
				PRODUCT_NAME = "$(TARGET_NAME)";
				PROVISIONING_PROFILE_SPECIFIER = "match AppStore com.masterapps.CDProject";
				SWIFT_VERSION = 5.0;
				TARGETED_DEVICE_FAMILY = 1;
			};
			name = Release;
		};
/* End XCBuildConfiguration section */

/* Begin XCConfigurationList section */
		4139D35226DAF49C0051C584 /* Build configuration list for PBXProject "CDProject" */ = {
			isa = XCConfigurationList;
			buildConfigurations = (
				4139D36926DAF49D0051C584 /* Debug */,
				4139D36A26DAF49D0051C584 /* Release */,
			);
			defaultConfigurationIsVisible = 0;
			defaultConfigurationName = Release;
		};
		4139D36B26DAF49D0051C584 /* Build configuration list for PBXNativeTarget "CDProject" */ = {
			isa = XCConfigurationList;
			buildConfigurations = (
				4139D36C26DAF49D0051C584 /* Debug */,
				4139D36D26DAF49D0051C584 /* Release */,
			);
			defaultConfigurationIsVisible = 0;
			defaultConfigurationName = Release;
		};
/* End XCConfigurationList section */
	};
	rootObject = 4139D34F26DAF49C0051C584 /* Project object */;
}
